
Microsoft Visual Studio Solution File, Format Version 12.00
# Visual Studio Version 16
VisualStudioVersion = 25.0.1706.1
MinimumVisualStudioVersion = 10.0.40219.1
Project("{FAE04EC0-301F-11D3-BF4B-00C04F79EFBC}") = "CodeFuseAI", "CodeFuseAI\CodeFuseAI.csproj", "{7F4DFB17-4C35-436A-91F6-B69203F525C0}"
EndProject
Project("{FAE04EC0-301F-11D3-BF4B-00C04F79EFBC}") = "CodeFuseAI_Shared", "CodeFuseAI_Shared\CodeFuseAI_Shared.csproj", "{05EA0740-6A08-4F32-BFD0-8EA0B171E4FD}"
EndProject
Global
	GlobalSection(SolutionConfigurationPlatforms) = preSolution
		Debug|Any CPU = Debug|Any CPU
		Release|Any CPU = Release|Any CPU
	EndGlobalSection
	GlobalSection(ProjectConfigurationPlatforms) = postSolution
		{7F4DFB17-4C35-436A-91F6-B69203F525C0}.Debug|Any CPU.ActiveCfg = Debug|Any CPU
		{7F4DFB17-4C35-436A-91F6-B69203F525C0}.Debug|Any CPU.Build.0 = Debug|Any CPU
		{7F4DFB17-4C35-436A-91F6-B69203F525C0}.Release|Any CPU.ActiveCfg = Release|Any CPU
		{7F4DFB17-4C35-436A-91F6-B69203F525C0}.Release|Any CPU.Build.0 = Release|Any CPU
		{05EA0740-6A08-4F32-BFD0-8EA0B171E4FD}.Debug|Any CPU.ActiveCfg = Debug|Any CPU
		{05EA0740-6A08-4F32-BFD0-8EA0B171E4FD}.Debug|Any CPU.Build.0 = Debug|Any CPU
		{05EA0740-6A08-4F32-BFD0-8EA0B171E4FD}.Release|Any CPU.ActiveCfg = Release|Any CPU
		{05EA0740-6A08-4F32-BFD0-8EA0B171E4FD}.Release|Any CPU.Build.0 = Release|Any CPU
	EndGlobalSection
	GlobalSection(SolutionProperties) = preSolution
		HideSolutionNode = FALSE
	EndGlobalSection
	GlobalSection(ExtensibilityGlobals) = postSolution
		SolutionGuid = {042F51AB-6A74-41C5-99E0-1B538635A824}
	EndGlobalSection
EndGlobal
